
Microsoft Visual Studio Solution File, Format Version 12.00
# Visual Studio Version 17
VisualStudioVersion = 17.0.31903.59
MinimumVisualStudioVersion = 10.0.40219.1
Project("{9A19103F-16F7-4668-BE54-9A1E7A4F7556}") = "App.Shared", "App.Shared\App.Shared.csproj", "{90E27286-127F-4F25-97DD-8BB632E8A73E}"
EndProject
Project("{9A19103F-16F7-4668-BE54-9A1E7A4F7556}") = "App.Identity", "App.Identity\App.Identity.csproj", "{19593E21-A7A5-41A1-ACE0-1C38750F651C}"
EndProject
Project("{9A19103F-16F7-4668-BE54-9A1E7A4F7556}") = "App.Bff", "App.Bff\App.Bff.csproj", "{ED681E9E-9EC2-460C-8E9E-2DDB01750E95}"
EndProject
Project("{9A19103F-16F7-4668-BE54-9A1E7A4F7556}") = "App.Client", "App.Client\App.Client.csproj", "{8EC1CDC8-DCB8-4726-B0C3-CE12F6AF713A}"
EndProject
Project("{9A19103F-16F7-4668-BE54-9A1E7A4F7556}") = "App.Api", "App.Api\App.Api.csproj", "{E8A284CA-B566-4269-8884-B160CC21B150}"
EndProject
Global
	GlobalSection(SolutionConfigurationPlatforms) = preSolution
		Debug|Any CPU = Debug|Any CPU
		Release|Any CPU = Release|Any CPU
	EndGlobalSection
	GlobalSection(ProjectConfigurationPlatforms) = postSolution
		{90E27286-127F-4F25-97DD-8BB632E8A73E}.Debug|Any CPU.ActiveCfg = Debug|Any CPU
		{90E27286-127F-4F25-97DD-8BB632E8A73E}.Debug|Any CPU.Build.0 = Debug|Any CPU
		{90E27286-127F-4F25-97DD-8BB632E8A73E}.Release|Any CPU.ActiveCfg = Release|Any CPU
		{90E27286-127F-4F25-97DD-8BB632E8A73E}.Release|Any CPU.Build.0 = Release|Any CPU
		{19593E21-A7A5-41A1-ACE0-1C38750F651C}.Debug|Any CPU.ActiveCfg = Debug|Any CPU
		{19593E21-A7A5-41A1-ACE0-1C38750F651C}.Debug|Any CPU.Build.0 = Debug|Any CPU
		{19593E21-A7A5-41A1-ACE0-1C38750F651C}.Release|Any CPU.ActiveCfg = Release|Any CPU
		{19593E21-A7A5-41A1-ACE0-1C38750F651C}.Release|Any CPU.Build.0 = Release|Any CPU
		{ED681E9E-9EC2-460C-8E9E-2DDB01750E95}.Debug|Any CPU.ActiveCfg = Debug|Any CPU
		{ED681E9E-9EC2-460C-8E9E-2DDB01750E95}.Debug|Any CPU.Build.0 = Debug|Any CPU
		{ED681E9E-9EC2-460C-8E9E-2DDB01750E95}.Release|Any CPU.ActiveCfg = Release|Any CPU
		{ED681E9E-9EC2-460C-8E9E-2DDB01750E95}.Release|Any CPU.Build.0 = Release|Any CPU
		{8EC1CDC8-DCB8-4726-B0C3-CE12F6AF713A}.Debug|Any CPU.ActiveCfg = Debug|Any CPU
		{8EC1CDC8-DCB8-4726-B0C3-CE12F6AF713A}.Debug|Any CPU.Build.0 = Debug|Any CPU
		{8EC1CDC8-DCB8-4726-B0C3-CE12F6AF713A}.Release|Any CPU.ActiveCfg = Release|Any CPU
		{8EC1CDC8-DCB8-4726-B0C3-CE12F6AF713A}.Release|Any CPU.Build.0 = Release|Any CPU
		{E8A284CA-B566-4269-8884-B160CC21B150}.Debug|Any CPU.ActiveCfg = Debug|Any CPU
		{E8A284CA-B566-4269-8884-B160CC21B150}.Debug|Any CPU.Build.0 = Debug|Any CPU
		{E8A284CA-B566-4269-8884-B160CC21B150}.Release|Any CPU.ActiveCfg = Release|Any CPU
		{E8A284CA-B566-4269-8884-B160CC21B150}.Release|Any CPU.Build.0 = Release|Any CPU
	EndGlobalSection
	GlobalSection(SolutionProperties) = preSolution
		HideSolutionNode = FALSE
	EndGlobalSection
	GlobalSection(ExtensibilityGlobals) = postSolution
		SolutionGuid = {7AFD4258-C775-4A71-88B3-ACE37753743B}
	EndGlobalSection
EndGlobal
